Microsoft Visual Studio Solution File, Format Version 12.00
# Visual Studio Version 17
VisualStudioVersion = 17.5.2.0
MinimumVisualStudioVersion = 10.0.40219.1
Project("{FAE04EC0-301F-11D3-BF4B-00C04F79EFBC}") = "Bakery2048.API", "Bakery2048.API\Bakery2048.API.csproj", "{7BDF1788-5DE6-865A-82F8-10555C704866}"
EndProject
Global
	GlobalSection(SolutionConfigurationPlatforms) = preSolution
		Debug|Any CPU = Debug|Any CPU
		Release|Any CPU = Release|Any CPU
	EndGlobalSection
	GlobalSection(ProjectConfigurationPlatforms) = postSolution
		{7BDF1788-5DE6-865A-82F8-10555C704866}.Debug|Any CPU.ActiveCfg = Debug|Any CPU
		{7BDF1788-5DE6-865A-82F8-10555C704866}.Debug|Any CPU.Build.0 = Debug|Any CPU
		{7BDF1788-5DE6-865A-82F8-10555C704866}.Release|Any CPU.ActiveCfg = Release|Any CPU
		{7BDF1788-5DE6-865A-82F8-10555C704866}.Release|Any CPU.Build.0 = Release|Any CPU
	EndGlobalSection
	GlobalSection(SolutionProperties) = preSolution
		HideSolutionNode = FALSE
	EndGlobalSection
	GlobalSection(ExtensibilityGlobals) = postSolution
		SolutionGuid = {D0CE947F-FC56-412B-80BF-842B9C0360D3}
	EndGlobalSection
EndGlobal
